
Microsoft Visual Studio Solution File, Format Version 12.00
# Visual Studio Version 16
VisualStudioVersion = 16.0.34729.46
MinimumVisualStudioVersion = 10.0.40219.1
Project("{FAE04EC0-301F-11D3-BF4B-00C04F79EFBC}") = "Bir_sayinin_Asal_Carpanlarinin_Carpimi", "Bir_sayinin_Asal_Carpanlarinin_Carpimi\Bir_sayinin_Asal_Carpanlarinin_Carpimi.csproj", "{468A9C02-E1FC-432F-907C-D55FB50091B8}"
EndProject
Global
	GlobalSection(SolutionConfigurationPlatforms) = preSolution
		Debug|Any CPU = Debug|Any CPU
		Release|Any CPU = Release|Any CPU
	EndGlobalSection
	GlobalSection(ProjectConfigurationPlatforms) = postSolution
		{468A9C02-E1FC-432F-907C-D55FB50091B8}.Debug|Any CPU.ActiveCfg = Debug|Any CPU
		{468A9C02-E1FC-432F-907C-D55FB50091B8}.Debug|Any CPU.Build.0 = Debug|Any CPU
		{468A9C02-E1FC-432F-907C-D55FB50091B8}.Release|Any CPU.ActiveCfg = Release|Any CPU
		{468A9C02-E1FC-432F-907C-D55FB50091B8}.Release|Any CPU.Build.0 = Release|Any CPU
	EndGlobalSection
	GlobalSection(SolutionProperties) = preSolution
		HideSolutionNode = FALSE
	EndGlobalSection
	GlobalSection(ExtensibilityGlobals) = postSolution
		SolutionGuid = {D5E0650C-B7A2-48BA-90FC-B89980BDB58A}
	EndGlobalSection
EndGlobal
